
Microsoft Visual Studio Solution File, Format Version 12.00
# Visual Studio Version 16
VisualStudioVersion = 16.0.30503.244
MinimumVisualStudioVersion = 10.0.40219.1
Project("{FAE04EC0-301F-11D3-BF4B-00C04F79EFBC}") = "HTTP5101_Assignment1_SandraKupfer", "HTTP5101_Assignment1_SandraKupfer\HTTP5101_Assignment1_SandraKupfer.csproj", "{7454F02C-3495-4316-89D6-928C758D516A}"
EndProject
Global
	GlobalSection(SolutionConfigurationPlatforms) = preSolution
		Debug|Any CPU = Debug|Any CPU
		Release|Any CPU = Release|Any CPU
	EndGlobalSection
	GlobalSection(ProjectConfigurationPlatforms) = postSolution
		{7454F02C-3495-4316-89D6-928C758D516A}.Debug|Any CPU.ActiveCfg = Debug|Any CPU
		{7454F02C-3495-4316-89D6-928C758D516A}.Debug|Any CPU.Build.0 = Debug|Any CPU
		{7454F02C-3495-4316-89D6-928C758D516A}.Release|Any CPU.ActiveCfg = Release|Any CPU
		{7454F02C-3495-4316-89D6-928C758D516A}.Release|Any CPU.Build.0 = Release|Any CPU
	EndGlobalSection
	GlobalSection(SolutionProperties) = preSolution
		HideSolutionNode = FALSE
	EndGlobalSection
	GlobalSection(ExtensibilityGlobals) = postSolution
		SolutionGuid = {0F39D3B5-8B68-4E4E-89E5-2021741BD4EC}
	EndGlobalSection
EndGlobal
